
Microsoft Visual Studio Solution File, Format Version 10.00
# Visual Studio 2008
Project("{8BC9CEB8-8B4A-11D0-8D11-00A0C91BC942}") = "FindSuspend", "FindSuspend\FindSuspend.vcproj", "{7FFE4239-2506-481B-A68A-86EEA8DE3CBA}"
EndProject
Global
	GlobalSection(SolutionConfigurationPlatforms) = preSolution
		Debug|Win32 = Debug|Win32
		Release|Win32 = Release|Win32
	EndGlobalSection
	GlobalSection(ProjectConfigurationPlatforms) = postSolution
		{7FFE4239-2506-481B-A68A-86EEA8DE3CBA}.Debug|Win32.ActiveCfg = Debug|Win32
		{7FFE4239-2506-481B-A68A-86EEA8DE3CBA}.Debug|Win32.Build.0 = Debug|Win32
		{7FFE4239-2506-481B-A68A-86EEA8DE3CBA}.Release|Win32.ActiveCfg = Release|Win32
		{7FFE4239-2506-481B-A68A-86EEA8DE3CBA}.Release|Win32.Build.0 = Release|Win32
	EndGlobalSection
	GlobalSection(SolutionProperties) = preSolution
		HideSolutionNode = FALSE
	EndGlobalSection
EndGlobal
